
Microsoft Visual Studio Solution File, Format Version 12.00
# Visual Studio 15
VisualStudioVersion = 15.0.27703.2047
MinimumVisualStudioVersion = 10.0.40219.1
Project("{8BC9CEB8-8B4A-11D0-8D11-00A0C91BC942}") = "CppLibStatic", "project\CppLibStatic\CppLibStatic.vcxproj", "{D22022EE-E384-47FD-8256-DE417E4362F0}"
EndProject
Project("{8BC9CEB8-8B4A-11D0-8D11-00A0C91BC942}") = "UnitTest", "project\UnitTest\UnitTest.vcxproj", "{68274CC8-5819-4CBB-8541-AA53C4610B45}"
	ProjectSection(ProjectDependencies) = postProject
		{D22022EE-E384-47FD-8256-DE417E4362F0} = {D22022EE-E384-47FD-8256-DE417E4362F0}
	EndProjectSection
EndProject
Global
	GlobalSection(SolutionConfigurationPlatforms) = preSolution
		Debug|x64 = Debug|x64
		Debug|x86 = Debug|x86
		Release|x64 = Release|x64
		Release|x86 = Release|x86
	EndGlobalSection
	GlobalSection(ProjectConfigurationPlatforms) = postSolution
		{D22022EE-E384-47FD-8256-DE417E4362F0}.Debug|x64.ActiveCfg = Debug|x64
		{D22022EE-E384-47FD-8256-DE417E4362F0}.Debug|x64.Build.0 = Debug|x64
		{D22022EE-E384-47FD-8256-DE417E4362F0}.Debug|x86.ActiveCfg = Debug|Win32
		{D22022EE-E384-47FD-8256-DE417E4362F0}.Debug|x86.Build.0 = Debug|Win32
		{D22022EE-E384-47FD-8256-DE417E4362F0}.Release|x64.ActiveCfg = Release|x64
		{D22022EE-E384-47FD-8256-DE417E4362F0}.Release|x64.Build.0 = Release|x64
		{D22022EE-E384-47FD-8256-DE417E4362F0}.Release|x86.ActiveCfg = Release|Win32
		{D22022EE-E384-47FD-8256-DE417E4362F0}.Release|x86.Build.0 = Release|Win32
		{68274CC8-5819-4CBB-8541-AA53C4610B45}.Debug|x64.ActiveCfg = Debug|x64
		{68274CC8-5819-4CBB-8541-AA53C4610B45}.Debug|x64.Build.0 = Debug|x64
		{68274CC8-5819-4CBB-8541-AA53C4610B45}.Debug|x86.ActiveCfg = Debug|Win32
		{68274CC8-5819-4CBB-8541-AA53C4610B45}.Debug|x86.Build.0 = Debug|Win32
		{68274CC8-5819-4CBB-8541-AA53C4610B45}.Release|x64.ActiveCfg = Release|x64
		{68274CC8-5819-4CBB-8541-AA53C4610B45}.Release|x64.Build.0 = Release|x64
		{68274CC8-5819-4CBB-8541-AA53C4610B45}.Release|x86.ActiveCfg = Release|Win32
		{68274CC8-5819-4CBB-8541-AA53C4610B45}.Release|x86.Build.0 = Release|Win32
	EndGlobalSection
	GlobalSection(SolutionProperties) = preSolution
		HideSolutionNode = FALSE
	EndGlobalSection
	GlobalSection(ExtensibilityGlobals) = postSolution
		SolutionGuid = {8BDCE5C3-3927-486A-9030-B3CB82EFDEEC}
	EndGlobalSection
EndGlobal
